
Microsoft Visual Studio Solution File, Format Version 12.00
# Visual Studio Version 17
VisualStudioVersion = 17.5.002.0
MinimumVisualStudioVersion = 10.0.40219.1
Project("{2150E333-8FDC-42A3-9474-1A3956D46DE8}") = "csharp-prep", "csharp-prep", "{892AA02B-6E0D-4808-BB6C-C31EA7F04A4E}"
EndProject
Project("{9A19103F-16F7-4668-BE54-9A1E7A4F7556}") = "Prep1", "csharp-prep\Prep1\Prep1.csproj", "{E7F11825-D4D5-43A6-A870-66FDBD366CE3}"
EndProject
Project("{9A19103F-16F7-4668-BE54-9A1E7A4F7556}") = "Prep2", "csharp-prep\Prep2\Prep2.csproj", "{9D2AA9D0-DCE3-4784-A463-8B00B21E33CA}"
EndProject
Project("{9A19103F-16F7-4668-BE54-9A1E7A4F7556}") = "Prep3", "csharp-prep\Prep3\Prep3.csproj", "{30D0D715-1362-48F7-8658-815EF40079D2}"
EndProject
Project("{9A19103F-16F7-4668-BE54-9A1E7A4F7556}") = "Prep4", "csharp-prep\Prep4\Prep4.csproj", "{F04B29C1-3C00-4846-8D2F-11F5B28F8283}"
EndProject
Project("{9A19103F-16F7-4668-BE54-9A1E7A4F7556}") = "Prep5", "csharp-prep\Prep5\Prep5.csproj", "{211871D3-2C20-49E1-8084-B7B5079543EE}"
EndProject
Project("{2150E333-8FDC-42A3-9474-1A3956D46DE8}") = "final", "final", "{0DCAECDB-FC7F-42C8-B62B-956D4F2C6420}"
EndProject
Project("{9A19103F-16F7-4668-BE54-9A1E7A4F7556}") = "FinalProject", "final\FinalProject\FinalProject.csproj", "{BFC177B1-A315-43A6-B27F-4E0AAFE72EAD}"
EndProject
Project("{9A19103F-16F7-4668-BE54-9A1E7A4F7556}") = "Foundation1", "final\Foundation1\Foundation1.csproj", "{4D5219CB-D9DE-4DF2-92E1-0225EEAE0EA4}"
EndProject
Project("{9A19103F-16F7-4668-BE54-9A1E7A4F7556}") = "Foundation2", "final\Foundation2\Foundation2.csproj", "{4E415D29-CBD5-47B4-8D65-BAA8D7385C3D}"
EndProject
Project("{9A19103F-16F7-4668-BE54-9A1E7A4F7556}") = "Foundation3", "final\Foundation3\Foundation3.csproj", "{1C8C0B90-C97F-4BA4-A13A-A83133543D1B}"
EndProject
Project("{9A19103F-16F7-4668-BE54-9A1E7A4F7556}") = "Foundation4", "final\Foundation4\Foundation4.csproj", "{5CDA358E-DD1D-4357-B5C2-709C78BAB577}"
EndProject
Project("{2150E333-8FDC-42A3-9474-1A3956D46DE8}") = "prepare", "prepare", "{72EE38BC-4E49-413F-BA0C-F2D738BBED4E}"
EndProject
Project("{9A19103F-16F7-4668-BE54-9A1E7A4F7556}") = "Learning02", "prepare\Learning02\Learning02.csproj", "{FC75DE3C-E3EC-4503-BD3E-8E3E95FCFFF4}"
EndProject
Project("{9A19103F-16F7-4668-BE54-9A1E7A4F7556}") = "Learning03", "prepare\Learning03\Learning03.csproj", "{13CE2A95-8B5F-4698-89E2-5E5F98DC55AE}"
EndProject
Project("{9A19103F-16F7-4668-BE54-9A1E7A4F7556}") = "Learning04", "prepare\Learning04\Learning04.csproj", "{19E547EC-B862-4D6E-930C-9700B7FE05A9}"
EndProject
Project("{9A19103F-16F7-4668-BE54-9A1E7A4F7556}") = "Learning05", "prepare\Learning05\Learning05.csproj", "{7832947A-0D53-43AC-8A00-E25D6C1F75D1}"
EndProject
Project("{2150E333-8FDC-42A3-9474-1A3956D46DE8}") = "prove", "prove", "{6CAE45C8-2E93-4F85-A1A9-E988AB192EFF}"
EndProject
Project("{9A19103F-16F7-4668-BE54-9A1E7A4F7556}") = "Develop02", "prove\Develop02\Develop02.csproj", "{20426428-261F-4605-9930-36C8DB62FE25}"
EndProject
Project("{9A19103F-16F7-4668-BE54-9A1E7A4F7556}") = "Develop03", "prove\Develop03\Develop03.csproj", "{E6F7E990-E378-49DB-A13D-BBD8D6340D93}"
EndProject
Project("{9A19103F-16F7-4668-BE54-9A1E7A4F7556}") = "Develop04", "prove\Develop04\Develop04.csproj", "{824BBF64-BEA7-46CB-83BD-F314FBBE3CA6}"
EndProject
Project("{9A19103F-16F7-4668-BE54-9A1E7A4F7556}") = "Develop05", "prove\Develop05\Develop05.csproj", "{D59BF9A0-B4DD-470F-8516-0FFE37E05E6E}"
EndProject
Project("{2150E333-8FDC-42A3-9474-1A3956D46DE8}") = "sandbox", "sandbox", "{0F80873F-96F9-4A98-937E-64A1690C183B}"
EndProject
Project("{9A19103F-16F7-4668-BE54-9A1E7A4F7556}") = "Sandbox", "sandbox\Sandbox\Sandbox.csproj", "{ACB9C5D7-E004-4FD8-98DA-234A706E8C8D}"
EndProject
Global
	GlobalSection(SolutionConfigurationPlatforms) = preSolution
		Debug|Any CPU = Debug|Any CPU
		Release|Any CPU = Release|Any CPU
	EndGlobalSection
	GlobalSection(ProjectConfigurationPlatforms) = postSolution
		{E7F11825-D4D5-43A6-A870-66FDBD366CE3}.Debug|Any CPU.ActiveCfg = Debug|Any CPU
		{E7F11825-D4D5-43A6-A870-66FDBD366CE3}.Debug|Any CPU.Build.0 = Debug|Any CPU
		{E7F11825-D4D5-43A6-A870-66FDBD366CE3}.Release|Any CPU.ActiveCfg = Release|Any CPU
		{E7F11825-D4D5-43A6-A870-66FDBD366CE3}.Release|Any CPU.Build.0 = Release|Any CPU
		{9D2AA9D0-DCE3-4784-A463-8B00B21E33CA}.Debug|Any CPU.ActiveCfg = Debug|Any CPU
		{9D2AA9D0-DCE3-4784-A463-8B00B21E33CA}.Debug|Any CPU.Build.0 = Debug|Any CPU
		{9D2AA9D0-DCE3-4784-A463-8B00B21E33CA}.Release|Any CPU.ActiveCfg = Release|Any CPU
		{9D2AA9D0-DCE3-4784-A463-8B00B21E33CA}.Release|Any CPU.Build.0 = Release|Any CPU
		{30D0D715-1362-48F7-8658-815EF40079D2}.Debug|Any CPU.ActiveCfg = Debug|Any CPU
		{30D0D715-1362-48F7-8658-815EF40079D2}.Debug|Any CPU.Build.0 = Debug|Any CPU
		{30D0D715-1362-48F7-8658-815EF40079D2}.Release|Any CPU.ActiveCfg = Release|Any CPU
		{30D0D715-1362-48F7-8658-815EF40079D2}.Release|Any CPU.Build.0 = Release|Any CPU
		{F04B29C1-3C00-4846-8D2F-11F5B28F8283}.Debug|Any CPU.ActiveCfg = Debug|Any CPU
		{F04B29C1-3C00-4846-8D2F-11F5B28F8283}.Debug|Any CPU.Build.0 = Debug|Any CPU
		{F04B29C1-3C00-4846-8D2F-11F5B28F8283}.Release|Any CPU.ActiveCfg = Release|Any CPU
		{F04B29C1-3C00-4846-8D2F-11F5B28F8283}.Release|Any CPU.Build.0 = Release|Any CPU
		{211871D3-2C20-49E1-8084-B7B5079543EE}.Debug|Any CPU.ActiveCfg = Debug|Any CPU
		{211871D3-2C20-49E1-8084-B7B5079543EE}.Debug|Any CPU.Build.0 = Debug|Any CPU
		{211871D3-2C20-49E1-8084-B7B5079543EE}.Release|Any CPU.ActiveCfg = Release|Any CPU
		{211871D3-2C20-49E1-8084-B7B5079543EE}.Release|Any CPU.Build.0 = Release|Any CPU
		{BFC177B1-A315-43A6-B27F-4E0AAFE72EAD}.Debug|Any CPU.ActiveCfg = Debug|Any CPU
		{BFC177B1-A315-43A6-B27F-4E0AAFE72EAD}.Debug|Any CPU.Build.0 = Debug|Any CPU
		{BFC177B1-A315-43A6-B27F-4E0AAFE72EAD}.Release|Any CPU.ActiveCfg = Release|Any CPU
		{BFC177B1-A315-43A6-B27F-4E0AAFE72EAD}.Release|Any CPU.Build.0 = Release|Any CPU
		{4D5219CB-D9DE-4DF2-92E1-0225EEAE0EA4}.Debug|Any CPU.ActiveCfg = Debug|Any CPU
		{4D5219CB-D9DE-4DF2-92E1-0225EEAE0EA4}.Debug|Any CPU.Build.0 = Debug|Any CPU
		{4D5219CB-D9DE-4DF2-92E1-0225EEAE0EA4}.Release|Any CPU.ActiveCfg = Release|Any CPU
		{4D5219CB-D9DE-4DF2-92E1-0225EEAE0EA4}.Release|Any CPU.Build.0 = Release|Any CPU
		{4E415D29-CBD5-47B4-8D65-BAA8D7385C3D}.Debug|Any CPU.ActiveCfg = Debug|Any CPU
		{4E415D29-CBD5-47B4-8D65-BAA8D7385C3D}.Debug|Any CPU.Build.0 = Debug|Any CPU
		{4E415D29-CBD5-47B4-8D65-BAA8D7385C3D}.Release|Any CPU.ActiveCfg = Release|Any CPU
		{4E415D29-CBD5-47B4-8D65-BAA8D7385C3D}.Release|Any CPU.Build.0 = Release|Any CPU
		{1C8C0B90-C97F-4BA4-A13A-A83133543D1B}.Debug|Any CPU.ActiveCfg = Debug|Any CPU
		{1C8C0B90-C97F-4BA4-A13A-A83133543D1B}.Debug|Any CPU.Build.0 = Debug|Any CPU
		{1C8C0B90-C97F-4BA4-A13A-A83133543D1B}.Release|Any CPU.ActiveCfg = Release|Any CPU
		{1C8C0B90-C97F-4BA4-A13A-A83133543D1B}.Release|Any CPU.Build.0 = Release|Any CPU
		{5CDA358E-DD1D-4357-B5C2-709C78BAB577}.Debug|Any CPU.ActiveCfg = Debug|Any CPU
		{5CDA358E-DD1D-4357-B5C2-709C78BAB577}.Debug|Any CPU.Build.0 = Debug|Any CPU
		{5CDA358E-DD1D-4357-B5C2-709C78BAB577}.Release|Any CPU.ActiveCfg = Release|Any CPU
		{5CDA358E-DD1D-4357-B5C2-709C78BAB577}.Release|Any CPU.Build.0 = Release|Any CPU
		{FC75DE3C-E3EC-4503-BD3E-8E3E95FCFFF4}.Debug|Any CPU.ActiveCfg = Debug|Any CPU
		{FC75DE3C-E3EC-4503-BD3E-8E3E95FCFFF4}.Debug|Any CPU.Build.0 = Debug|Any CPU
		{FC75DE3C-E3EC-4503-BD3E-8E3E95FCFFF4}.Release|Any CPU.ActiveCfg = Release|Any CPU
		{FC75DE3C-E3EC-4503-BD3E-8E3E95FCFFF4}.Release|Any CPU.Build.0 = Release|Any CPU
		{13CE2A95-8B5F-4698-89E2-5E5F98DC55AE}.Debug|Any CPU.ActiveCfg = Debug|Any CPU
		{13CE2A95-8B5F-4698-89E2-5E5F98DC55AE}.Debug|Any CPU.Build.0 = Debug|Any CPU
		{13CE2A95-8B5F-4698-89E2-5E5F98DC55AE}.Release|Any CPU.ActiveCfg = Release|Any CPU
		{13CE2A95-8B5F-4698-89E2-5E5F98DC55AE}.Release|Any CPU.Build.0 = Release|Any CPU
		{19E547EC-B862-4D6E-930C-9700B7FE05A9}.Debug|Any CPU.ActiveCfg = Debug|Any CPU
		{19E547EC-B862-4D6E-930C-9700B7FE05A9}.Debug|Any CPU.Build.0 = Debug|Any CPU
		{19E547EC-B862-4D6E-930C-9700B7FE05A9}.Release|Any CPU.ActiveCfg = Release|Any CPU
		{19E547EC-B862-4D6E-930C-9700B7FE05A9}.Release|Any CPU.Build.0 = Release|Any CPU
		{7832947A-0D53-43AC-8A00-E25D6C1F75D1}.Debug|Any CPU.ActiveCfg = Debug|Any CPU
		{7832947A-0D53-43AC-8A00-E25D6C1F75D1}.Debug|Any CPU.Build.0 = Debug|Any CPU
		{7832947A-0D53-43AC-8A00-E25D6C1F75D1}.Release|Any CPU.ActiveCfg = Release|Any CPU
		{7832947A-0D53-43AC-8A00-E25D6C1F75D1}.Release|Any CPU.Build.0 = Release|Any CPU
		{20426428-261F-4605-9930-36C8DB62FE25}.Debug|Any CPU.ActiveCfg = Debug|Any CPU
		{20426428-261F-4605-9930-36C8DB62FE25}.Debug|Any CPU.Build.0 = Debug|Any CPU
		{20426428-261F-4605-9930-36C8DB62FE25}.Release|Any CPU.ActiveCfg = Release|Any CPU
		{20426428-261F-4605-9930-36C8DB62FE25}.Release|Any CPU.Build.0 = Release|Any CPU
		{E6F7E990-E378-49DB-A13D-BBD8D6340D93}.Debug|Any CPU.ActiveCfg = Debug|Any CPU
		{E6F7E990-E378-49DB-A13D-BBD8D6340D93}.Debug|Any CPU.Build.0 = Debug|Any CPU
		{E6F7E990-E378-49DB-A13D-BBD8D6340D93}.Release|Any CPU.ActiveCfg = Release|Any CPU
		{E6F7E990-E378-49DB-A13D-BBD8D6340D93}.Release|Any CPU.Build.0 = Release|Any CPU
		{824BBF64-BEA7-46CB-83BD-F314FBBE3CA6}.Debug|Any CPU.ActiveCfg = Debug|Any CPU
		{824BBF64-BEA7-46CB-83BD-F314FBBE3CA6}.Debug|Any CPU.Build.0 = Debug|Any CPU
		{824BBF64-BEA7-46CB-83BD-F314FBBE3CA6}.Release|Any CPU.ActiveCfg = Release|Any CPU
		{824BBF64-BEA7-46CB-83BD-F314FBBE3CA6}.Release|Any CPU.Build.0 = Release|Any CPU
		{D59BF9A0-B4DD-470F-8516-0FFE37E05E6E}.Debug|Any CPU.ActiveCfg = Debug|Any CPU
		{D59BF9A0-B4DD-470F-8516-0FFE37E05E6E}.Debug|Any CPU.Build.0 = Debug|Any CPU
		{D59BF9A0-B4DD-470F-8516-0FFE37E05E6E}.Release|Any CPU.ActiveCfg = Release|Any CPU
		{D59BF9A0-B4DD-470F-8516-0FFE37E05E6E}.Release|Any CPU.Build.0 = Release|Any CPU
		{ACB9C5D7-E004-4FD8-98DA-234A706E8C8D}.Debug|Any CPU.ActiveCfg = Debug|Any CPU
		{ACB9C5D7-E004-4FD8-98DA-234A706E8C8D}.Debug|Any CPU.Build.0 = Debug|Any CPU
		{ACB9C5D7-E004-4FD8-98DA-234A706E8C8D}.Release|Any CPU.ActiveCfg = Release|Any CPU
		{ACB9C5D7-E004-4FD8-98DA-234A706E8C8D}.Release|Any CPU.Build.0 = Release|Any CPU
	EndGlobalSection
	GlobalSection(SolutionProperties) = preSolution
		HideSolutionNode = FALSE
	EndGlobalSection
	GlobalSection(NestedProjects) = preSolution
		{E7F11825-D4D5-43A6-A870-66FDBD366CE3} = {892AA02B-6E0D-4808-BB6C-C31EA7F04A4E}
		{9D2AA9D0-DCE3-4784-A463-8B00B21E33CA} = {892AA02B-6E0D-4808-BB6C-C31EA7F04A4E}
		{30D0D715-1362-48F7-8658-815EF40079D2} = {892AA02B-6E0D-4808-BB6C-C31EA7F04A4E}
		{F04B29C1-3C00-4846-8D2F-11F5B28F8283} = {892AA02B-6E0D-4808-BB6C-C31EA7F04A4E}
		{211871D3-2C20-49E1-8084-B7B5079543EE} = {892AA02B-6E0D-4808-BB6C-C31EA7F04A4E}
		{BFC177B1-A315-43A6-B27F-4E0AAFE72EAD} = {0DCAECDB-FC7F-42C8-B62B-956D4F2C6420}
		{4D5219CB-D9DE-4DF2-92E1-0225EEAE0EA4} = {0DCAECDB-FC7F-42C8-B62B-956D4F2C6420}
		{4E415D29-CBD5-47B4-8D65-BAA8D7385C3D} = {0DCAECDB-FC7F-42C8-B62B-956D4F2C6420}
		{1C8C0B90-C97F-4BA4-A13A-A83133543D1B} = {0DCAECDB-FC7F-42C8-B62B-956D4F2C6420}
		{5CDA358E-DD1D-4357-B5C2-709C78BAB577} = {0DCAECDB-FC7F-42C8-B62B-956D4F2C6420}
		{FC75DE3C-E3EC-4503-BD3E-8E3E95FCFFF4} = {72EE38BC-4E49-413F-BA0C-F2D738BBED4E}
		{13CE2A95-8B5F-4698-89E2-5E5F98DC55AE} = {72EE38BC-4E49-413F-BA0C-F2D738BBED4E}
		{19E547EC-B862-4D6E-930C-9700B7FE05A9} = {72EE38BC-4E49-413F-BA0C-F2D738BBED4E}
		{7832947A-0D53-43AC-8A00-E25D6C1F75D1} = {72EE38BC-4E49-413F-BA0C-F2D738BBED4E}
		{20426428-261F-4605-9930-36C8DB62FE25} = {6CAE45C8-2E93-4F85-A1A9-E988AB192EFF}
		{E6F7E990-E378-49DB-A13D-BBD8D6340D93} = {6CAE45C8-2E93-4F85-A1A9-E988AB192EFF}
		{824BBF64-BEA7-46CB-83BD-F314FBBE3CA6} = {6CAE45C8-2E93-4F85-A1A9-E988AB192EFF}
		{D59BF9A0-B4DD-470F-8516-0FFE37E05E6E} = {6CAE45C8-2E93-4F85-A1A9-E988AB192EFF}
		{ACB9C5D7-E004-4FD8-98DA-234A706E8C8D} = {0F80873F-96F9-4A98-937E-64A1690C183B}
	EndGlobalSection
	GlobalSection(ExtensibilityGlobals) = postSolution
		SolutionGuid = {FDF11A2C-52FD-4538-A316-4A509232D641}
	EndGlobalSection
EndGlobal
